<?xml version="1.0" encoding="UTF-8" standalone="yes" ?>
<CodeBlocks_project_file>
	<FileVersion major="1" minor="6" />
	<Project>
		<Option title="game2" />
		<Option pch_mode="2" />
		<Option compiler="gcc" />
		<Build>
			<Target title="Debug">
				<Option output="bin/Debug/game2" prefix_auto="1" extension_auto="1" />
				<Option object_output="obj/Debug/" />
				<Option type="1" />
				<Option compiler="gcc" />
				<Compiler>
					<Add option="-g" />
					<Add directory="C:/Users/User/Documents/game2/include" />
					<Add directory="../include/SDL2" />
					<Add directory="C:/Users/User/Documents/game2/lib" />
					<Add directory="C:/Users/User/Documents/game2/external/tinyxml2-master/tinyxml2-master" />
				</Compiler>
				<ResourceCompiler>
					<Add directory="C:/Users/User/Documents/game2/external/tinyxml2-master/tinyxml2-master" />
				</ResourceCompiler>
				<Linker>
					<Add option="-lSDL2_image" />
					<Add library="C:/Users/User/OneDrive/Desktop/SDL2-devel-2.30.12-VC/SDL2-2.30.12/lib/x86/SDL2.lib" />
					<Add library="SDL2_image" />
					<Add library="SDL2main&#x0A;&#x0A;" />
					<Add library="C:/Users/User/Documents/game2/external/tinyxml2-master/tinyxml2-master/tinyxml2.cpp" />
					<Add library="SDL2_ttf" />
					<Add library="libSDL2_ttf.a" />
					<Add directory="C:/Users/User/Documents/game2/src/" />
					<Add directory="C:/Users/User/Documents/game2/external/tinyxml2-master/tinyxml2-master" />
					<Add directory="C:/Users/User/Documents/game2/lib" />
				</Linker>
			</Target>
			<Target title="Release">
				<Option output="bin/Release/game2" prefix_auto="1" extension_auto="1" />
				<Option object_output="obj/Release/" />
				<Option type="0" />
				<Option compiler="gcc" />
				<Compiler>
					<Add option="-O2" />
				</Compiler>
				<Linker>
					<Add option="-s" />
				</Linker>
			</Target>
		</Build>
		<Compiler>
			<Add option="-Wall" />
			<Add directory="C:/Users/User/OneDrive/Desktop/SDL2-devel-2.30.11-mingw/SDL2-2.30.11/x86_64-w64-mingw32/include" />
			<Add directory="../include" />
		</Compiler>
		<Linker>
			<Add library="mingw32" />
			<Add library="SDL2main" />
			<Add library="SDL2.dll" />
			<Add library="user32" />
			<Add library="gdi32" />
			<Add library="winmm" />
			<Add library="dxguid" />
			<Add directory="C:/Users/User/OneDrive/Desktop/SDL2-devel-2.30.11-mingw/SDL2-2.30.11/x86_64-w64-mingw32/lib" />
		</Linker>
		<ExtraCommands>
			<Add after="XCOPY $(#sdl2)\bin\*.dll $(TARGET_OUTPUT_DIR) /D /Y" />
		</ExtraCommands>
		<Unit filename="../Assets/ARIAL.TTF" />
		<Unit filename="../Assets/frame.png" />
		<Unit filename="../external/tinyxml2-master/tinyxml2-master/tinyxml2.cpp" />
		<Unit filename="../include/Board.hpp" />
		<Unit filename="../include/Game.hpp" />
		<Unit filename="../include/Player.hpp" />
		<Unit filename="ARIAL.TTF" />
		<Unit filename="Board.cpp" />
		<Unit filename="Constants.cpp" />
		<Unit filename="Game.cpp" />
		<Unit filename="Player.cpp" />
		<Unit filename="main.cpp" />
		<Extensions>
			<lib_finder disable_auto="1" />
		</Extensions>
	</Project>
</CodeBlocks_project_file>
